<?xml version="1.0" encoding="utf-8"?>
<Project ToolsVersion="4.0" xmlns="http://schemas.microsoft.com/developer/msbuild/2003">
  <ItemGroup>
    <Filter Include="resources">
      <UniqueIdentifier>{67DA6AB6-F800-4c08-8B7A-83BB121AAD01}</UniqueIdentifier>
      <Extensions>rc;ico;cur;bmp;dlg;rc2;rct;bin;rgs;gif;jpg;jpeg;jpe;resx;tiff;tif;png;wav;mfcribbon-ms</Extensions>
    </Filter>
    <Filter Include="headers">
      <UniqueIdentifier>{93995380-89BD-4b04-88EB-625FBE52EBFB}</UniqueIdentifier>
      <Extensions>h;hh;hpp;hxx;h++;hm;inl;inc;ipp;xsd</Extensions>
    </Filter>
    <Filter Include="headers\utils">
      <UniqueIdentifier>{8edcdc5f-409a-4adc-b876-d628f79a2ac4}</UniqueIdentifier>
    </Filter>
    <Filter Include="headers\injector">
      <UniqueIdentifier>{eb038db1-7de5-46ba-bcf9-117ccb13a751}</UniqueIdentifier>
    </Filter>
    <Filter Include="source">
      <UniqueIdentifier>{4FC737F1-C7A5-4376-A066-2A32D752A2FF}</UniqueIdentifier>
      <Extensions>cpp;c;cc;cxx;c++;cppm;ixx;def;odl;idl;hpj;bat;asm;asmx</Extensions>
    </Filter>
    <Filter Include="headers\locale">
      <UniqueIdentifier>{8df5946d-a287-4ac8-997a-efb83585596d}</UniqueIdentifier>
    </Filter>
  </ItemGroup>
  <ItemGroup>
    <ClCompile Include="main.cpp">
      <Filter>source</Filter>
    </ClCompile>
    <ClCompile Include="stdafx.cpp">
      <Filter>source</Filter>
    </ClCompile>
  </ItemGroup>
  <ItemGroup>
    <ClInclude Include="resource.h">
      <Filter>headers</Filter>
    </ClInclude>
    <ClInclude Include="utils\color.h">
      <Filter>headers\utils</Filter>
    </ClInclude>
    <ClInclude Include="utils\logger.h">
      <Filter>headers\utils</Filter>
    </ClInclude>
    <ClInclude Include="injector\memory.h">
      <Filter>headers\injector</Filter>
    </ClInclude>
    <ClInclude Include="injector\files.h">
      <Filter>headers\injector</Filter>
    </ClInclude>
    <ClInclude Include="utils\access.h">
      <Filter>headers\utils</Filter>
    </ClInclude>
    <ClInclude Include="stdafx.h">
      <Filter>headers</Filter>
    </ClInclude>
    <ClInclude Include="targetver.h">
      <Filter>headers</Filter>
    </ClInclude>
    <ClInclude Include="locale\locale.h">
      <Filter>headers\locale</Filter>
    </ClInclude>
    <ClInclude Include="locale\utils.h">
      <Filter>headers\locale</Filter>
    </ClInclude>
  </ItemGroup>
  <ItemGroup>
    <ResourceCompile Include="SoTLoader.rc">
      <Filter>resources</Filter>
    </ResourceCompile>
  </ItemGroup>
</Project>